
Microsoft Visual Studio Solution File, Format Version 12.00
# Visual Studio Version 16
VisualStudioVersion = 16.0.29215.179
MinimumVisualStudioVersion = 10.0.40219.1
Project("{9A19103F-16F7-4668-BE54-9A1E7A4F7556}") = "LocalEats", "LocalEats.csproj", "{C1093477-BC9B-4D7A-B45D-1E8326ACA96C}"
EndProject
Project("{9A19103F-16F7-4668-BE54-9A1E7A4F7556}") = "LocalEats.Core", "..\LocalEats.Core\LocalEats.Core.csproj", "{1C0271F1-4791-493A-BE92-5DB51E576872}"
EndProject
Project("{9A19103F-16F7-4668-BE54-9A1E7A4F7556}") = "LocalEats.Data", "..\LocalEats.Data\LocalEats.Data.csproj", "{F3EC12D9-0814-4942-A86A-36A6A7246891}"
EndProject
Global
	GlobalSection(SolutionConfigurationPlatforms) = preSolution
		Debug|Any CPU = Debug|Any CPU
		Release|Any CPU = Release|Any CPU
	EndGlobalSection
	GlobalSection(ProjectConfigurationPlatforms) = postSolution
		{C1093477-BC9B-4D7A-B45D-1E8326ACA96C}.Debug|Any CPU.ActiveCfg = Debug|Any CPU
		{C1093477-BC9B-4D7A-B45D-1E8326ACA96C}.Debug|Any CPU.Build.0 = Debug|Any CPU
		{C1093477-BC9B-4D7A-B45D-1E8326ACA96C}.Release|Any CPU.ActiveCfg = Release|Any CPU
		{C1093477-BC9B-4D7A-B45D-1E8326ACA96C}.Release|Any CPU.Build.0 = Release|Any CPU
		{1C0271F1-4791-493A-BE92-5DB51E576872}.Debug|Any CPU.ActiveCfg = Debug|Any CPU
		{1C0271F1-4791-493A-BE92-5DB51E576872}.Debug|Any CPU.Build.0 = Debug|Any CPU
		{1C0271F1-4791-493A-BE92-5DB51E576872}.Release|Any CPU.ActiveCfg = Release|Any CPU
		{1C0271F1-4791-493A-BE92-5DB51E576872}.Release|Any CPU.Build.0 = Release|Any CPU
		{F3EC12D9-0814-4942-A86A-36A6A7246891}.Debug|Any CPU.ActiveCfg = Debug|Any CPU
		{F3EC12D9-0814-4942-A86A-36A6A7246891}.Debug|Any CPU.Build.0 = Debug|Any CPU
		{F3EC12D9-0814-4942-A86A-36A6A7246891}.Release|Any CPU.ActiveCfg = Release|Any CPU
		{F3EC12D9-0814-4942-A86A-36A6A7246891}.Release|Any CPU.Build.0 = Release|Any CPU
	EndGlobalSection
	GlobalSection(SolutionProperties) = preSolution
		HideSolutionNode = FALSE
	EndGlobalSection
	GlobalSection(ExtensibilityGlobals) = postSolution
		SolutionGuid = {A7F79DDD-77B7-4892-9746-5E4B940216F3}
	EndGlobalSection
EndGlobal
